{
  "name": "@distribution-protocol/workspace",
  "version": "0.1.0",
  "lockfileVersion": 3,
  "requires": true,
  "packages": {
    "": {
      "name": "@distribution-protocol/workspace",
      "version": "0.1.0",
      "workspaces": [
        "packages/*"
      ]
    },
    "node_modules/@distribution-protocol/protocol": {
      "resolved": "packages/protocol",
      "link": true
    },
    "node_modules/@distribution-protocol/registry": {
      "resolved": "packages/registry",
      "link": true
    },
    "packages/protocol": {
      "name": "@distribution-protocol/protocol",
      "version": "0.1.0"
    },
    "packages/registry": {
      "name": "@distribution-protocol/registry",
      "version": "0.1.0"
    }
  }
}
